
Microsoft Visual Studio Solution File, Format Version 12.00
# Visual Studio Version 16
VisualStudioVersion = 16.0.29409.12
MinimumVisualStudioVersion = 10.0.40219.1
Project("{FAE04EC0-301F-11D3-BF4B-00C04F79EFBC}") = "Space-Engineers-Automatic-Drill", "Space-Engineers-Automatic-Drill.csproj", "{C92BF8F4-71DB-4EAB-B850-7A77A2BCDE37}"
EndProject
Global
	GlobalSection(SolutionConfigurationPlatforms) = preSolution
		Debug|x64 = Debug|x64
	EndGlobalSection
	GlobalSection(ProjectConfigurationPlatforms) = postSolution
		{C92BF8F4-71DB-4EAB-B850-7A77A2BCDE37}.Debug|x64.ActiveCfg = Debug|x64
		{C92BF8F4-71DB-4EAB-B850-7A77A2BCDE37}.Debug|x64.Build.0 = Debug|x64
	EndGlobalSection
	GlobalSection(SolutionProperties) = preSolution
		HideSolutionNode = FALSE
	EndGlobalSection
	GlobalSection(ExtensibilityGlobals) = postSolution
		SolutionGuid = {54C06DFC-B950-4212-BBF7-545FF2EA7E17}
	EndGlobalSection
EndGlobal
